
Microsoft Visual Studio Solution File, Format Version 12.00
Project("{FAE04EC0-301F-11D3-BF4B-00C04F79EFBC}") = "JogoDaVeia", "JogoDaVeia.csproj", "{104CE060-7E15-4C8B-AA89-5892FA51D4F7}"
EndProject
Global
	GlobalSection(SolutionConfigurationPlatforms) = preSolution
		Debug|Any CPU = Debug|Any CPU
		Release|Any CPU = Release|Any CPU
	EndGlobalSection
	GlobalSection(ProjectConfigurationPlatforms) = postSolution
		{104CE060-7E15-4C8B-AA89-5892FA51D4F7}.Debug|Any CPU.ActiveCfg = Debug|Any CPU
		{104CE060-7E15-4C8B-AA89-5892FA51D4F7}.Debug|Any CPU.Build.0 = Debug|Any CPU
		{104CE060-7E15-4C8B-AA89-5892FA51D4F7}.Release|Any CPU.ActiveCfg = Release|Any CPU
		{104CE060-7E15-4C8B-AA89-5892FA51D4F7}.Release|Any CPU.Build.0 = Release|Any CPU
	EndGlobalSection
EndGlobal
